{
  "name": "starter",
  "version": "1.0.0",
  "lockfileVersion": 3,
  "requires": true,
  "packages": {
    "": {
      "name": "starter",
      "version": "1.0.0",
      "license": "ISC",
      "dependencies": {
        "@cloudbase/js-sdk": "^1.7.2"
      }
    },
    "node_modules/@cloudbase/adapter-interface": {
      "version": "0.4.1",
      "resolved": "https://registry.npmmirror.com/@cloudbase/adapter-interface/-/adapter-interface-0.4.1.tgz",
      "integrity": "sha512-DJBhBUMg6pYByaw4II7rawbW8nu+x+faZFIxIkWeTRSxboW/jS3NpBQ7kAbycEJVAB2DO77FsnaHKYAMLnvwzw=="
    },
    "node_modules/@cloudbase/analytics": {
      "version": "1.1.4",
      "resolved": "https://registry.npmmirror.com/@cloudbase/analytics/-/analytics-1.1.4.tgz",
      "integrity": "sha512-OlvmePWAOnCnxOodmRXY0Mk1RyTeDwRLbbZBqMtHD+xco63YSwbplji3vqbVmBYwVIW7Aho+b/v2flaIaFUeAw==",
      "dependencies": {
        "@cloudbase/functions": "^1.3.4",
        "@cloudbase/types": "^1.1.3-alpha.0"
      }
    },
    "node_modules/@cloudbase/app": {
      "version": "1.4.1",
      "resolved": "https://registry.npmmirror.com/@cloudbase/app/-/app-1.4.1.tgz",
      "integrity": "sha512-MS8M0Z/iaSMTSU/N5NIFbK1H4vz8Cbrziag3jhD3iGUtZ4XqkmdskOoOVbQMvy+XF+STts18bv/T+sufjdekMw==",
      "dependencies": {
        "@cloudbase/adapter-interface": "^0.4.0",
        "@cloudbase/types": "^1.1.3-alpha.0",
        "@cloudbase/utilities": "^1.3.4",
        "cloudbase-adapter-wx_mp": "0.2.0"
      }
    },
    "node_modules/@cloudbase/auth": {
      "version": "1.6.1",
      "resolved": "https://registry.npmmirror.com/@cloudbase/auth/-/auth-1.6.1.tgz",
      "integrity": "sha512-XM2m59vzA4ZfxvHAWcd1T7J5dLc2DHjvmsHo4oSW1T3pyElISVkPSq0SaTy49jQACO+zqt1ZgnGg5CLf8lcGWA==",
      "dependencies": {
        "@cloudbase/adapter-interface": "^0.4.0",
        "@cloudbase/app": "^1.4.1",
        "@cloudbase/types": "^1.1.3-alpha.0",
        "@cloudbase/utilities": "^1.3.4",
        "sourcemapped-stacktrace": "^1.1.11"
      }
    },
    "node_modules/@cloudbase/database": {
      "version": "0.9.18-next",
      "resolved": "https://registry.npmmirror.com/@cloudbase/database/-/database-0.9.18-next.tgz",
      "integrity": "sha512-iXruD1T5scc/h+zNc7o3EdoiEr5l0eLhMH47UsIprp5livB7tdZTDX9U5EBXflYmRIG/1TrK983GsvCbKWT7iw==",
      "dependencies": {
        "bson": "^4.0.2",
        "lodash.clonedeep": "4.5.0",
        "lodash.set": "4.3.2",
        "lodash.unset": "4.5.2"
      }
    },
    "node_modules/@cloudbase/functions": {
      "version": "1.3.4",
      "resolved": "https://registry.npmmirror.com/@cloudbase/functions/-/functions-1.3.4.tgz",
      "integrity": "sha512-HaZEv+zW0NndiynfLzn3a2mii0hyZ9ANncz+/ZT66f1ZuluXeKFUgNBm3ZWIb1QA1HvSFaj9kDpz5/ftNymp3A==",
      "dependencies": {
        "@cloudbase/adapter-interface": "^0.4.0",
        "@cloudbase/types": "^1.1.3-alpha.0",
        "@cloudbase/utilities": "^1.3.4"
      }
    },
    "node_modules/@cloudbase/js-sdk": {
      "version": "1.7.2",
      "resolved": "https://registry.npmmirror.com/@cloudbase/js-sdk/-/js-sdk-1.7.2.tgz",
      "integrity": "sha512-CF+pd1EKNFfUO2rmj8zL4yocjTKu1GkJMjig5UAcsX+CBXS0yxQEyMvGvwUlorOCBYvlxm7i6hEUBoHrnefHMg==",
      "dependencies": {
        "@cloudbase/analytics": "^1.1.1-alpha.0",
        "@cloudbase/app": "^1.4.1",
        "@cloudbase/auth": "^1.6.1",
        "@cloudbase/database": "0.9.18-next",
        "@cloudbase/functions": "^1.3.4",
        "@cloudbase/realtime": "^1.1.4-alpha.0",
        "@cloudbase/storage": "^1.3.4",
        "@cloudbase/types": "^1.1.3-alpha.0",
        "@cloudbase/utilities": "^1.3.4"
      }
    },
    "node_modules/@cloudbase/realtime": {
      "version": "1.1.4-alpha.0",
      "resolved": "https://registry.npmmirror.com/@cloudbase/realtime/-/realtime-1.1.4-alpha.0.tgz",
      "integrity": "sha512-pT9wHPfQDSLNws+C1ki+5liUlHHyK+OLUTvKfq8HB3yyXCJz5R1O1BqVJTjRs7RW0J+mzUKB2tGuIL6M5Kcptw==",
      "dependencies": {
        "@cloudbase/types": "^1.1.3-alpha.0"
      }
    },
    "node_modules/@cloudbase/storage": {
      "version": "1.3.4",
      "resolved": "https://registry.npmmirror.com/@cloudbase/storage/-/storage-1.3.4.tgz",
      "integrity": "sha512-q+bMNl61gvfyCUPmNGGgXZ2mVKLFqRDJR8CGGt3wBxJwt9eO7yOLjTAb0vdLXNpfdJ/ZovdxiQd8kZEB0+5m0w==",
      "dependencies": {
        "@cloudbase/types": "^1.1.3-alpha.0",
        "@cloudbase/utilities": "^1.3.4"
      }
    },
    "node_modules/@cloudbase/types": {
      "version": "1.1.3-alpha.0",
      "resolved": "https://registry.npmmirror.com/@cloudbase/types/-/types-1.1.3-alpha.0.tgz",
      "integrity": "sha512-BIfILvpEjQmnYdhyHQ4m9QihxlV1kucPVG9AS+z5vZfbn2Jo75xgkex0F2qV4tV7YrQIrzQYtQmJbgG7TwAaSw==",
      "dependencies": {
        "@cloudbase/adapter-interface": "^0.4.0"
      }
    },
    "node_modules/@cloudbase/utilities": {
      "version": "1.3.4",
      "resolved": "https://registry.npmmirror.com/@cloudbase/utilities/-/utilities-1.3.4.tgz",
      "integrity": "sha512-bw3e9UxE+gHr5XKFJNkPSjftverVed1za+ruYHs+/G+5AzZRtt2R6Kxt/9q+iFwAL2/oGq/zir0r7ora78OFZQ==",
      "dependencies": {
        "@cloudbase/adapter-interface": "^0.4.0",
        "@cloudbase/types": "^1.1.3-alpha.0",
        "crypto-js": "3"
      }
    },
    "node_modules/base64-js": {
      "version": "1.5.1",
      "resolved": "https://registry.npmmirror.com/base64-js/-/base64-js-1.5.1.tgz",
      "integrity": "sha512-AKpaYlHn8t4SVbOHCy+b5+KKgvR4vrsD8vbvrbiQJps7fKDTkjkDry6ji0rUJjC0kzbNePLwzxq8iypo41qeWA=="
    },
    "node_modules/bson": {
      "version": "4.7.2",
      "resolved": "https://registry.npmmirror.com/bson/-/bson-4.7.2.tgz",
      "integrity": "sha512-Ry9wCtIZ5kGqkJoi6aD8KjxFZEx78guTQDnpXWiNthsxzrxAK/i8E6pCHAIZTbaEFWcOCvbecMukfK7XUvyLpQ==",
      "dependencies": {
        "buffer": "^5.6.0"
      },
      "engines": {
        "node": ">=6.9.0"
      }
    },
    "node_modules/buffer": {
      "version": "5.7.1",
      "resolved": "https://registry.npmmirror.com/buffer/-/buffer-5.7.1.tgz",
      "integrity": "sha512-EHcyIPBQ4BSGlvjB16k5KgAJ27CIsHY/2JBmCRReo48y9rQ3MaUzWX3KVlBa4U7MyX02HdVj0K7C3WaB3ju7FQ==",
      "dependencies": {
        "base64-js": "^1.3.1",
        "ieee754": "^1.1.13"
      }
    },
    "node_modules/cloudbase-adapter-wx_mp": {
      "version": "0.2.0",
      "resolved": "https://registry.npmmirror.com/cloudbase-adapter-wx_mp/-/cloudbase-adapter-wx_mp-0.2.0.tgz",
      "integrity": "sha512-GiQGm11cH0K8oKY5tuJZm7DgsM2+WUw5toteMJlKTLMH4ouFrizu5J228I2kXtEWU+u/wE+5tuNGrEdhlfpkZQ==",
      "dependencies": {
        "@cloudbase/adapter-interface": "^0.4.0"
      }
    },
    "node_modules/crypto-js": {
      "version": "3.3.0",
      "resolved": "https://registry.npmmirror.com/crypto-js/-/crypto-js-3.3.0.tgz",
      "integrity": "sha512-DIT51nX0dCfKltpRiXV+/TVZq+Qq2NgF4644+K7Ttnla7zEzqc+kjJyiB96BHNyUTBxyjzRcZYpUdZa+QAqi6Q=="
    },
    "node_modules/ieee754": {
      "version": "1.2.1",
      "resolved": "https://registry.npmmirror.com/ieee754/-/ieee754-1.2.1.tgz",
      "integrity": "sha512-dcyqhDvX1C46lXZcVqCpK+FtMRQVdIMN6/Df5js2zouUsqG7I6sFxitIC+7KYK29KdXOLHdu9zL4sFnoVQnqaA=="
    },
    "node_modules/lodash.clonedeep": {
      "version": "4.5.0",
      "resolved": "https://registry.npmmirror.com/lodash.clonedeep/-/lodash.clonedeep-4.5.0.tgz",
      "integrity": "sha512-H5ZhCF25riFd9uB5UCkVKo61m3S/xZk1x4wA6yp/L3RFP6Z/eHH1ymQcGLo7J3GMPfm0V/7m1tryHuGVxpqEBQ=="
    },
    "node_modules/lodash.set": {
      "version": "4.3.2",
      "resolved": "https://registry.npmmirror.com/lodash.set/-/lodash.set-4.3.2.tgz",
      "integrity": "sha512-4hNPN5jlm/N/HLMCO43v8BXKq9Z7QdAGc/VGrRD61w8gN9g/6jF9A4L1pbUgBLCffi0w9VsXfTOij5x8iTyFvg=="
    },
    "node_modules/lodash.unset": {
      "version": "4.5.2",
      "resolved": "https://registry.npmmirror.com/lodash.unset/-/lodash.unset-4.5.2.tgz",
      "integrity": "sha512-bwKX88k2JhCV9D1vtE8+naDKlLiGrSmf8zi/Y9ivFHwbmRfA8RxS/aVJ+sIht2XOwqoNr4xUPUkGZpc1sHFEKg=="
    },
    "node_modules/source-map": {
      "version": "0.5.6",
      "resolved": "https://registry.npmmirror.com/source-map/-/source-map-0.5.6.tgz",
      "integrity": "sha512-MjZkVp0NHr5+TPihLcadqnlVoGIoWo4IBHptutGh9wI3ttUYvCG26HkSuDi+K6lsZ25syXJXcctwgyVCt//xqA==",
      "engines": {
        "node": ">=0.10.0"
      }
    },
    "node_modules/sourcemapped-stacktrace": {
      "version": "1.1.11",
      "resolved": "https://registry.npmmirror.com/sourcemapped-stacktrace/-/sourcemapped-stacktrace-1.1.11.tgz",
      "integrity": "sha512-O0pcWjJqzQFVsisPlPXuNawJHHg9N9UgpJ/aDmvi9+vnS3x1C0NhwkVFzzZ1VN0Xo+bekyweoqYvBw5ZBKiNnQ==",
      "dependencies": {
        "source-map": "0.5.6"
      }
    }
  }
}
